
Microsoft Visual Studio Solution File, Format Version 12.00
# Visual Studio Version 16
VisualStudioVersion = 16.0.29728.190
MinimumVisualStudioVersion = 10.0.40219.1
Project("{FAE04EC0-301F-11D3-BF4B-00C04F79EFBC}") = "Life_Expactancy_Calculator", "Life_Expactancy_Calculator\Life_Expactancy_Calculator.csproj", "{96508443-61AC-45BC-9D72-732F5DC88F28}"
EndProject
Global
	GlobalSection(SolutionConfigurationPlatforms) = preSolution
		Debug|Any CPU = Debug|Any CPU
		Release|Any CPU = Release|Any CPU
	EndGlobalSection
	GlobalSection(ProjectConfigurationPlatforms) = postSolution
		{96508443-61AC-45BC-9D72-732F5DC88F28}.Debug|Any CPU.ActiveCfg = Debug|Any CPU
		{96508443-61AC-45BC-9D72-732F5DC88F28}.Debug|Any CPU.Build.0 = Debug|Any CPU
		{96508443-61AC-45BC-9D72-732F5DC88F28}.Release|Any CPU.ActiveCfg = Release|Any CPU
		{96508443-61AC-45BC-9D72-732F5DC88F28}.Release|Any CPU.Build.0 = Release|Any CPU
	EndGlobalSection
	GlobalSection(SolutionProperties) = preSolution
		HideSolutionNode = FALSE
	EndGlobalSection
	GlobalSection(ExtensibilityGlobals) = postSolution
		SolutionGuid = {8812F62E-0040-462E-A1E5-23C6B66A299E}
	EndGlobalSection
EndGlobal
